{
  "name": "my_package",
  "version": "1.0.0",
  "lockfileVersion": 1,
  "requires": true,
  "dependencies": {
    "libp2p": {
      "version": "0.27.7",
      "resolved": "https://registry.npmjs.org/libp2p/-/libp2p-0.27.7.tgz",
      "integrity": "sha512-CIgw49z+sSgg/2kUPb53fVKJh2Oxttfjw1oKmRBuakhfhVmpAvOcpmrxSjGifeWreuRu20sva19u2xJ5tAWGyA==",
      "requires": {}
  }
}
